version: 2.0
shards:
  convex_hull:
    git: https://github.com/geocrystal/convex_hull.git
    version: 0.6.0

  geo:
    git: https://github.com/geocrystal/geo.git
    version: 0.7.6

  geo_bearing:
    git: https://github.com/geocrystal/geo_bearing.git
    version: 0.1.0

  geohash:
    git: https://github.com/geocrystal/geohash.git
    version: 0.1.1

  geojson:
    git: https://github.com/geocrystal/geojson.git
    version: 0.6.0

  haversine:
    git: https://github.com/geocrystal/haversine.git
    version: 0.5.0

  ring_area:
    git: https://github.com/geocrystal/ring_area.git
    version: 0.2.1

